
Microsoft Visual Studio Solution File, Format Version 12.00
# Visual Studio Version 16
VisualStudioVersion = 16.0.32228.343
MinimumVisualStudioVersion = 10.0.40219.1
Project("{FAE04EC0-301F-11D3-BF4B-00C04F79EFBC}") = "Murat Yucedag Mvc5 TatilSeyahat Sitesi", "Murat Yucedag Mvc5 TatilSeyahat Sitesi.csproj", "{23F97734-C543-43C6-9CF4-9FCA51F4B39C}"
EndProject
Global
	GlobalSection(SolutionConfigurationPlatforms) = preSolution
		Debug|Any CPU = Debug|Any CPU
		Release|Any CPU = Release|Any CPU
	EndGlobalSection
	GlobalSection(ProjectConfigurationPlatforms) = postSolution
		{23F97734-C543-43C6-9CF4-9FCA51F4B39C}.Debug|Any CPU.ActiveCfg = Debug|Any CPU
		{23F97734-C543-43C6-9CF4-9FCA51F4B39C}.Debug|Any CPU.Build.0 = Debug|Any CPU
		{23F97734-C543-43C6-9CF4-9FCA51F4B39C}.Release|Any CPU.ActiveCfg = Release|Any CPU
		{23F97734-C543-43C6-9CF4-9FCA51F4B39C}.Release|Any CPU.Build.0 = Release|Any CPU
	EndGlobalSection
	GlobalSection(SolutionProperties) = preSolution
		HideSolutionNode = FALSE
	EndGlobalSection
	GlobalSection(ExtensibilityGlobals) = postSolution
		SolutionGuid = {90C54728-EBCD-44BC-B627-6C95C255C182}
	EndGlobalSection
EndGlobal
